
Microsoft Visual Studio Solution File, Format Version 12.00
# Visual Studio Version 17
VisualStudioVersion = 17.1.32203.90
MinimumVisualStudioVersion = 10.0.40219.1
Project("{9A19103F-16F7-4668-BE54-9A1E7A4F7556}") = "WarnSystem", "WarnSystem\WarnSystem.csproj", "{C305888E-43ED-42F2-9AB1-5C2406F3F7A3}"
EndProject
Global
	GlobalSection(SolutionConfigurationPlatforms) = preSolution
		Debug|Any CPU = Debug|Any CPU
		Release|Any CPU = Release|Any CPU
	EndGlobalSection
	GlobalSection(ProjectConfigurationPlatforms) = postSolution
		{C305888E-43ED-42F2-9AB1-5C2406F3F7A3}.Debug|Any CPU.ActiveCfg = Debug|Any CPU
		{C305888E-43ED-42F2-9AB1-5C2406F3F7A3}.Debug|Any CPU.Build.0 = Debug|Any CPU
		{C305888E-43ED-42F2-9AB1-5C2406F3F7A3}.Release|Any CPU.ActiveCfg = Release|Any CPU
		{C305888E-43ED-42F2-9AB1-5C2406F3F7A3}.Release|Any CPU.Build.0 = Release|Any CPU
	EndGlobalSection
	GlobalSection(SolutionProperties) = preSolution
		HideSolutionNode = FALSE
	EndGlobalSection
	GlobalSection(ExtensibilityGlobals) = postSolution
		SolutionGuid = {57CE5FC4-1904-47ED-8E49-962A3C864D3E}
	EndGlobalSection
EndGlobal
